
Microsoft Visual Studio Solution File, Format Version 12.00
# Visual Studio Version 17
VisualStudioVersion = 17.0.32112.339
MinimumVisualStudioVersion = 10.0.40219.1
Project("{9A19103F-16F7-4668-BE54-9A1E7A4F7556}") = "BitPantry.CommandLine", "BitPantry.CommandLine\BitPantry.CommandLine.csproj", "{13C33933-7C2D-4C85-809F-38F84752CB4C}"
EndProject
Project("{9A19103F-16F7-4668-BE54-9A1E7A4F7556}") = "BitPantry.CommandLine.Tests", "BitPantry.CommandLine.Tests\BitPantry.CommandLine.Tests.csproj", "{A8D16E0D-FA41-4F6C-B98A-B4DCA58DC454}"
EndProject
Project("{9A19103F-16F7-4668-BE54-9A1E7A4F7556}") = "BitPantry.CommandLine.Tests.CmdAssemblies", "BitPantry.CommandLine.Tests.CmdAssemblies\BitPantry.CommandLine.Tests.CmdAssemblies.csproj", "{7B0C8AE9-1160-45A3-AA17-FC2489179E14}"
EndProject
Project("{FAE04EC0-301F-11D3-BF4B-00C04F79EFBC}") = "BitPantry.CommandLine.Remote.SignalR", "BitPantry.CommandLine.Remote.SignalR\BitPantry.CommandLine.Remote.SignalR.csproj", "{83E10C8A-891F-4AB3-9974-D71006349002}"
EndProject
Project("{FAE04EC0-301F-11D3-BF4B-00C04F79EFBC}") = "BitPantry.CommandLine.Remote.SignalR.Client", "BitPantry.CommandLine.Remote.SignalR.Client\BitPantry.CommandLine.Remote.SignalR.Client.csproj", "{4F963560-68AC-4662-B31B-9AEF6457A9A2}"
EndProject
Project("{FAE04EC0-301F-11D3-BF4B-00C04F79EFBC}") = "BitPantry.CommandLine.Remote.SignalR.Server", "BitPantry.CommandLine.Remote.SignalR.Server\BitPantry.CommandLine.Remote.SignalR.Server.csproj", "{0915C4A4-0E1F-457F-857C-3F10257A75E9}"
EndProject
Project("{FAE04EC0-301F-11D3-BF4B-00C04F79EFBC}") = "BitPantry.CommandLine.Tests.Remote.SignalR", "BitPantry.CommandLine.Tests.Remote.SignalR\BitPantry.CommandLine.Tests.Remote.SignalR.csproj", "{16394EDD-C6A2-41F3-A80B-C4B5A0213C06}"
EndProject
Project("{2150E333-8FDC-42A3-9474-1A3956D46DE8}") = "Docs", "Docs", "{EBBBE383-889F-4D67-8A06-C2A180591355}"
	ProjectSection(SolutionItems) = preProject
		Docs\readme.md = Docs\readme.md
	EndProjectSection
EndProject
Project("{2150E333-8FDC-42A3-9474-1A3956D46DE8}") = "CommandLine", "CommandLine", "{8F1F7CA3-2500-4777-B2B2-CB58B3A230B0}"
	ProjectSection(SolutionItems) = preProject
		Docs\CommandLine\ArgumentInfo.md = Docs\CommandLine\ArgumentInfo.md
		Docs\CommandLine\AutoComplete.md = Docs\CommandLine\AutoComplete.md
		Docs\CommandLine\CommandBase.md = Docs\CommandLine\CommandBase.md
		Docs\CommandLine\CommandExecutionContext.md = Docs\CommandLine\CommandExecutionContext.md
		Docs\CommandLine\CommandInfo.md = Docs\CommandLine\CommandInfo.md
		Docs\CommandLine\CommandLineApplication.md = Docs\CommandLine\CommandLineApplication.md
		Docs\CommandLine\CommandLineApplicationBuilder.md = Docs\CommandLine\CommandLineApplicationBuilder.md
		Docs\CommandLine\CommandPipeline.md = Docs\CommandLine\CommandPipeline.md
		Docs\CommandLine\CommandRegistry.md = Docs\CommandLine\CommandRegistry.md
		Docs\CommandLine\Commands.md = Docs\CommandLine\Commands.md
		Docs\CommandLine\CommandSyntax.md = Docs\CommandLine\CommandSyntax.md
		Docs\CommandLine\IAnsiConsole.md = Docs\CommandLine\IAnsiConsole.md
		Docs\CommandLine\QuickStart.md = Docs\CommandLine\QuickStart.md
		Docs\CommandLine\REPL.md = Docs\CommandLine\REPL.md
		Docs\CommandLine\ResultCode.md = Docs\CommandLine\ResultCode.md
		Docs\CommandLine\RunResult.md = Docs\CommandLine\RunResult.md
	EndProjectSection
EndProject
Project("{2150E333-8FDC-42A3-9474-1A3956D46DE8}") = "Remote", "Remote", "{57B743FF-E785-4BCF-B9CB-BF6F757C66DE}"
	ProjectSection(SolutionItems) = preProject
		Docs\Remote\Client.md = Docs\Remote\Client.md
		Docs\Remote\IApiKeyStore.md = Docs\Remote\IApiKeyStore.md
		Docs\Remote\CommandLineServer.md = Docs\Remote\CommandLineServer.md
		Docs\Remote\IRefreshTokenStore.md = Docs\Remote\IRefreshTokenStore.md
		Docs\Remote\JwtAuthOptions.md = Docs\Remote\JwtAuthOptions.md
	EndProjectSection
EndProject
Global
	GlobalSection(SolutionConfigurationPlatforms) = preSolution
		Debug|Any CPU = Debug|Any CPU
		Release|Any CPU = Release|Any CPU
	EndGlobalSection
	GlobalSection(ProjectConfigurationPlatforms) = postSolution
		{13C33933-7C2D-4C85-809F-38F84752CB4C}.Debug|Any CPU.ActiveCfg = Debug|Any CPU
		{13C33933-7C2D-4C85-809F-38F84752CB4C}.Debug|Any CPU.Build.0 = Debug|Any CPU
		{13C33933-7C2D-4C85-809F-38F84752CB4C}.Release|Any CPU.ActiveCfg = Release|Any CPU
		{13C33933-7C2D-4C85-809F-38F84752CB4C}.Release|Any CPU.Build.0 = Release|Any CPU
		{A8D16E0D-FA41-4F6C-B98A-B4DCA58DC454}.Debug|Any CPU.ActiveCfg = Debug|Any CPU
		{A8D16E0D-FA41-4F6C-B98A-B4DCA58DC454}.Debug|Any CPU.Build.0 = Debug|Any CPU
		{A8D16E0D-FA41-4F6C-B98A-B4DCA58DC454}.Release|Any CPU.ActiveCfg = Release|Any CPU
		{A8D16E0D-FA41-4F6C-B98A-B4DCA58DC454}.Release|Any CPU.Build.0 = Release|Any CPU
		{7B0C8AE9-1160-45A3-AA17-FC2489179E14}.Debug|Any CPU.ActiveCfg = Debug|Any CPU
		{7B0C8AE9-1160-45A3-AA17-FC2489179E14}.Debug|Any CPU.Build.0 = Debug|Any CPU
		{7B0C8AE9-1160-45A3-AA17-FC2489179E14}.Release|Any CPU.ActiveCfg = Release|Any CPU
		{7B0C8AE9-1160-45A3-AA17-FC2489179E14}.Release|Any CPU.Build.0 = Release|Any CPU
		{83E10C8A-891F-4AB3-9974-D71006349002}.Debug|Any CPU.ActiveCfg = Debug|Any CPU
		{83E10C8A-891F-4AB3-9974-D71006349002}.Debug|Any CPU.Build.0 = Debug|Any CPU
		{83E10C8A-891F-4AB3-9974-D71006349002}.Release|Any CPU.ActiveCfg = Release|Any CPU
		{83E10C8A-891F-4AB3-9974-D71006349002}.Release|Any CPU.Build.0 = Release|Any CPU
		{4F963560-68AC-4662-B31B-9AEF6457A9A2}.Debug|Any CPU.ActiveCfg = Debug|Any CPU
		{4F963560-68AC-4662-B31B-9AEF6457A9A2}.Debug|Any CPU.Build.0 = Debug|Any CPU
		{4F963560-68AC-4662-B31B-9AEF6457A9A2}.Release|Any CPU.ActiveCfg = Release|Any CPU
		{4F963560-68AC-4662-B31B-9AEF6457A9A2}.Release|Any CPU.Build.0 = Release|Any CPU
		{0915C4A4-0E1F-457F-857C-3F10257A75E9}.Debug|Any CPU.ActiveCfg = Debug|Any CPU
		{0915C4A4-0E1F-457F-857C-3F10257A75E9}.Debug|Any CPU.Build.0 = Debug|Any CPU
		{0915C4A4-0E1F-457F-857C-3F10257A75E9}.Release|Any CPU.ActiveCfg = Release|Any CPU
		{0915C4A4-0E1F-457F-857C-3F10257A75E9}.Release|Any CPU.Build.0 = Release|Any CPU
		{16394EDD-C6A2-41F3-A80B-C4B5A0213C06}.Debug|Any CPU.ActiveCfg = Debug|Any CPU
		{16394EDD-C6A2-41F3-A80B-C4B5A0213C06}.Debug|Any CPU.Build.0 = Debug|Any CPU
		{16394EDD-C6A2-41F3-A80B-C4B5A0213C06}.Release|Any CPU.ActiveCfg = Release|Any CPU
		{16394EDD-C6A2-41F3-A80B-C4B5A0213C06}.Release|Any CPU.Build.0 = Release|Any CPU
	EndGlobalSection
	GlobalSection(SolutionProperties) = preSolution
		HideSolutionNode = FALSE
	EndGlobalSection
	GlobalSection(NestedProjects) = preSolution
		{8F1F7CA3-2500-4777-B2B2-CB58B3A230B0} = {EBBBE383-889F-4D67-8A06-C2A180591355}
		{57B743FF-E785-4BCF-B9CB-BF6F757C66DE} = {EBBBE383-889F-4D67-8A06-C2A180591355}
	EndGlobalSection
	GlobalSection(ExtensibilityGlobals) = postSolution
		SolutionGuid = {10267ADD-8A37-4557-9917-308346754D55}
	EndGlobalSection
EndGlobal
